
Microsoft Visual Studio Solution File, Format Version 12.00
# Visual Studio Version 17
VisualStudioVersion = 17.9.34728.123
MinimumVisualStudioVersion = 10.0.40219.1
Project("{9A19103F-16F7-4668-BE54-9A1E7A4F7556}") = "ProjekatDomain", "ProjekatDomain\ProjekatDomain.csproj", "{9C64AA24-9EC4-4AC4-9734-D4AB9BD6B389}"
EndProject
Project("{9A19103F-16F7-4668-BE54-9A1E7A4F7556}") = "ProjekatApplication", "ProjekatApplication\ProjekatApplication.csproj", "{A0AC67AC-4255-41AE-B147-99CDCCFC0C88}"
EndProject
Project("{9A19103F-16F7-4668-BE54-9A1E7A4F7556}") = "ProjekatImplementation", "ProjekatImplementation\ProjekatImplementation.csproj", "{DDA34D06-B8DF-4C79-8AB8-A16F1C2B853B}"
EndProject
Project("{9A19103F-16F7-4668-BE54-9A1E7A4F7556}") = "ProjekatDataAccess", "ProjekatDataAccess\ProjekatDataAccess.csproj", "{9A1C306E-92F9-4F35-904C-625E6EC4E37B}"
EndProject
Project("{FAE04EC0-301F-11D3-BF4B-00C04F79EFBC}") = "Projekat.Api", "Projekat.Api\Projekat.Api.csproj", "{1488C3D5-D57E-4D37-A698-D6DC3693FDD1}"
EndProject
Global
	GlobalSection(SolutionConfigurationPlatforms) = preSolution
		Debug|Any CPU = Debug|Any CPU
		Release|Any CPU = Release|Any CPU
	EndGlobalSection
	GlobalSection(ProjectConfigurationPlatforms) = postSolution
		{9C64AA24-9EC4-4AC4-9734-D4AB9BD6B389}.Debug|Any CPU.ActiveCfg = Debug|Any CPU
		{9C64AA24-9EC4-4AC4-9734-D4AB9BD6B389}.Debug|Any CPU.Build.0 = Debug|Any CPU
		{9C64AA24-9EC4-4AC4-9734-D4AB9BD6B389}.Release|Any CPU.ActiveCfg = Release|Any CPU
		{9C64AA24-9EC4-4AC4-9734-D4AB9BD6B389}.Release|Any CPU.Build.0 = Release|Any CPU
		{A0AC67AC-4255-41AE-B147-99CDCCFC0C88}.Debug|Any CPU.ActiveCfg = Debug|Any CPU
		{A0AC67AC-4255-41AE-B147-99CDCCFC0C88}.Debug|Any CPU.Build.0 = Debug|Any CPU
		{A0AC67AC-4255-41AE-B147-99CDCCFC0C88}.Release|Any CPU.ActiveCfg = Release|Any CPU
		{A0AC67AC-4255-41AE-B147-99CDCCFC0C88}.Release|Any CPU.Build.0 = Release|Any CPU
		{DDA34D06-B8DF-4C79-8AB8-A16F1C2B853B}.Debug|Any CPU.ActiveCfg = Debug|Any CPU
		{DDA34D06-B8DF-4C79-8AB8-A16F1C2B853B}.Debug|Any CPU.Build.0 = Debug|Any CPU
		{DDA34D06-B8DF-4C79-8AB8-A16F1C2B853B}.Release|Any CPU.ActiveCfg = Release|Any CPU
		{DDA34D06-B8DF-4C79-8AB8-A16F1C2B853B}.Release|Any CPU.Build.0 = Release|Any CPU
		{9A1C306E-92F9-4F35-904C-625E6EC4E37B}.Debug|Any CPU.ActiveCfg = Debug|Any CPU
		{9A1C306E-92F9-4F35-904C-625E6EC4E37B}.Debug|Any CPU.Build.0 = Debug|Any CPU
		{9A1C306E-92F9-4F35-904C-625E6EC4E37B}.Release|Any CPU.ActiveCfg = Release|Any CPU
		{9A1C306E-92F9-4F35-904C-625E6EC4E37B}.Release|Any CPU.Build.0 = Release|Any CPU
		{1488C3D5-D57E-4D37-A698-D6DC3693FDD1}.Debug|Any CPU.ActiveCfg = Debug|Any CPU
		{1488C3D5-D57E-4D37-A698-D6DC3693FDD1}.Debug|Any CPU.Build.0 = Debug|Any CPU
		{1488C3D5-D57E-4D37-A698-D6DC3693FDD1}.Release|Any CPU.ActiveCfg = Release|Any CPU
		{1488C3D5-D57E-4D37-A698-D6DC3693FDD1}.Release|Any CPU.Build.0 = Release|Any CPU
	EndGlobalSection
	GlobalSection(SolutionProperties) = preSolution
		HideSolutionNode = FALSE
	EndGlobalSection
	GlobalSection(ExtensibilityGlobals) = postSolution
		SolutionGuid = {C7778CA9-01E8-430B-9970-A03A43D82223}
	EndGlobalSection
EndGlobal
